// !$*UTF8*$!
{
	archiveVersion = 1;
	classes = {
	};
	objectVersion = 77;
	objects = {

/* Begin PBXBuildFile section */
		BB53B9942DA6701600DECCF3 /* APIkeys.swift in Sources */ = {isa = PBXBuildFile; fileRef = BB53B9932DA6701600DECCF3 /* APIkeys.swift */; };
		BB53B9962DA6710300DECCF3 /* .gitignore in Resources */ = {isa = PBXBuildFile; fileRef = BB53B9952DA6710300DECCF3 /* .gitignore */; };
		BB53B9982DA6759100DECCF3 /* Prompts.swift in Sources */ = {isa = PBXBuildFile; fileRef = BB53B9972DA6759100DECCF3 /* Prompts.swift */; };
/* End PBXBuildFile section */

/* Begin PBXContainerItemProxy section */
		BB17446A2DA5355D00738173 /* PBXContainerItemProxy */ = {
			isa = PBXContainerItemProxy;
			containerPortal = BB1744512DA5355D00738173 /* Project object */;
			proxyType = 1;
			remoteGlobalIDString = BB1744582DA5355D00738173;
			remoteInfo = HandsOffLLM;
		};
		BB1744742DA5355D00738173 /* PBXContainerItemProxy */ = {
			isa = PBXContainerItemProxy;
			containerPortal = BB1744512DA5355D00738173 /* Project object */;
			proxyType = 1;
			remoteGlobalIDString = BB1744582DA5355D00738173;
			remoteInfo = HandsOffLLM;
		};
/* End PBXContainerItemProxy section */

/* Begin PBXFileReference section */
		BB1744592DA5355D00738173 /* HandsOffLLM.app */ = {isa = PBXFileReference; explicitFileType = wrapper.application; includeInIndex = 0; path = HandsOffLLM.app; sourceTree = BUILT_PRODUCTS_DIR; };
		BB1744692DA5355D00738173 /* HandsOffLLMTests.xctest */ = {isa = PBXFileReference; explicitFileType = wrapper.cfbundle; includeInIndex = 0; path = HandsOffLLMTests.xctest; sourceTree = BUILT_PRODUCTS_DIR; };
		BB1744732DA5355D00738173 /* HandsOffLLMUITests.xctest */ = {isa = PBXFileReference; explicitFileType = wrapper.cfbundle; includeInIndex = 0; path = HandsOffLLMUITests.xctest; sourceTree = BUILT_PRODUCTS_DIR; };
		BB53B9932DA6701600DECCF3 /* APIkeys.swift */ = {isa = PBXFileReference; lastKnownFileType = sourcecode.swift; path = APIkeys.swift; sourceTree = "<group>"; };
		BB53B9952DA6710300DECCF3 /* .gitignore */ = {isa = PBXFileReference; lastKnownFileType = text; path = .gitignore; sourceTree = "<group>"; };
		BB53B9972DA6759100DECCF3 /* Prompts.swift */ = {isa = PBXFileReference; lastKnownFileType = sourcecode.swift; path = Prompts.swift; sourceTree = "<group>"; };
/* End PBXFileReference section */

/* Begin PBXFileSystemSynchronizedBuildFileExceptionSet section */
		BB9AA4B92DA5A7E20082090B /* Exceptions for "HandsOffLLM" folder in "HandsOffLLM" target */ = {
			isa = PBXFileSystemSynchronizedBuildFileExceptionSet;
			membershipExceptions = (
				Info.plist,
			);
			target = BB1744582DA5355D00738173 /* HandsOffLLM */;
		};
/* End PBXFileSystemSynchronizedBuildFileExceptionSet section */

/* Begin PBXFileSystemSynchronizedRootGroup section */
		BB17445B2DA5355D00738173 /* HandsOffLLM */ = {
			isa = PBXFileSystemSynchronizedRootGroup;
			exceptions = (
				BB9AA4B92DA5A7E20082090B /* Exceptions for "HandsOffLLM" folder in "HandsOffLLM" target */,
			);
			path = HandsOffLLM;
			sourceTree = "<group>";
		};
		BB17446C2DA5355D00738173 /* HandsOffLLMTests */ = {
			isa = PBXFileSystemSynchronizedRootGroup;
			path = HandsOffLLMTests;
			sourceTree = "<group>";
		};
		BB1744762DA5355D00738173 /* HandsOffLLMUITests */ = {
			isa = PBXFileSystemSynchronizedRootGroup;
			path = HandsOffLLMUITests;
			sourceTree = "<group>";
		};
/* End PBXFileSystemSynchronizedRootGroup section */

/* Begin PBXFrameworksBuildPhase section */
		BB1744562DA5355D00738173 /* Frameworks */ = {
			isa = PBXFrameworksBuildPhase;
			buildActionMask = 2147483647;
			files = (
			);
			runOnlyForDeploymentPostprocessing = 0;
		};
		BB1744662DA5355D00738173 /* Frameworks */ = {
			isa = PBXFrameworksBuildPhase;
			buildActionMask = 2147483647;
			files = (
			);
			runOnlyForDeploymentPostprocessing = 0;
		};
		BB1744702DA5355D00738173 /* Frameworks */ = {
			isa = PBXFrameworksBuildPhase;
			buildActionMask = 2147483647;
			files = (
			);
			runOnlyForDeploymentPostprocessing = 0;
		};
/* End PBXFrameworksBuildPhase section */

/* Begin PBXGroup section */
		BB1744502DA5355D00738173 = {
			isa = PBXGroup;
			children = (
				BB53B9932DA6701600DECCF3 /* APIkeys.swift */,
				BB53B9952DA6710300DECCF3 /* .gitignore */,
				BB17445B2DA5355D00738173 /* HandsOffLLM */,
				BB17446C2DA5355D00738173 /* HandsOffLLMTests */,
				BB1744762DA5355D00738173 /* HandsOffLLMUITests */,
				BB17445A2DA5355D00738173 /* Products */,
				BB53B9972DA6759100DECCF3 /* Prompts.swift */,
			);
			sourceTree = "<group>";
		};
		BB17445A2DA5355D00738173 /* Products */ = {
			isa = PBXGroup;
			children = (
				BB1744592DA5355D00738173 /* HandsOffLLM.app */,
				BB1744692DA5355D00738173 /* HandsOffLLMTests.xctest */,
				BB1744732DA5355D00738173 /* HandsOffLLMUITests.xctest */,
			);
			name = Products;
			sourceTree = "<group>";
		};
/* End PBXGroup section */

/* Begin PBXNativeTarget section */
		BB1744582DA5355D00738173 /* HandsOffLLM */ = {
			isa = PBXNativeTarget;
			buildConfigurationList = BB17447D2DA5355D00738173 /* Build configuration list for PBXNativeTarget "HandsOffLLM" */;
			buildPhases = (
				BB1744552DA5355D00738173 /* Sources */,
				BB1744562DA5355D00738173 /* Frameworks */,
				BB1744572DA5355D00738173 /* Resources */,
			);
			buildRules = (
			);
			dependencies = (
			);
			fileSystemSynchronizedGroups = (
				BB17445B2DA5355D00738173 /* HandsOffLLM */,
			);
			name = HandsOffLLM;
			packageProductDependencies = (
			);
			productName = HandsOffLLM;
			productReference = BB1744592DA5355D00738173 /* HandsOffLLM.app */;
			productType = "com.apple.product-type.application";
		};
		BB1744682DA5355D00738173 /* HandsOffLLMTests */ = {
			isa = PBXNativeTarget;
			buildConfigurationList = BB1744802DA5355D00738173 /* Build configuration list for PBXNativeTarget "HandsOffLLMTests" */;
			buildPhases = (
				BB1744652DA5355D00738173 /* Sources */,
				BB1744662DA5355D00738173 /* Frameworks */,
				BB1744672DA5355D00738173 /* Resources */,
			);
			buildRules = (
			);
			dependencies = (
				BB17446B2DA5355D00738173 /* PBXTargetDependency */,
			);
			fileSystemSynchronizedGroups = (
				BB17446C2DA5355D00738173 /* HandsOffLLMTests */,
			);
			name = HandsOffLLMTests;
			packageProductDependencies = (
			);
			productName = HandsOffLLMTests;
			productReference = BB1744692DA5355D00738173 /* HandsOffLLMTests.xctest */;
			productType = "com.apple.product-type.bundle.unit-test";
		};
		BB1744722DA5355D00738173 /* HandsOffLLMUITests */ = {
			isa = PBXNativeTarget;
			buildConfigurationList = BB1744832DA5355D00738173 /* Build configuration list for PBXNativeTarget "HandsOffLLMUITests" */;
			buildPhases = (
				BB17446F2DA5355D00738173 /* Sources */,
				BB1744702DA5355D00738173 /* Frameworks */,
				BB1744712DA5355D00738173 /* Resources */,
			);
			buildRules = (
			);
			dependencies = (
				BB1744752DA5355D00738173 /* PBXTargetDependency */,
			);
			fileSystemSynchronizedGroups = (
				BB1744762DA5355D00738173 /* HandsOffLLMUITests */,
			);
			name = HandsOffLLMUITests;
			packageProductDependencies = (
			);
			productName = HandsOffLLMUITests;
			productReference = BB1744732DA5355D00738173 /* HandsOffLLMUITests.xctest */;
			productType = "com.apple.product-type.bundle.ui-testing";
		};
/* End PBXNativeTarget section */

/* Begin PBXProject section */
		BB1744512DA5355D00738173 /* Project object */ = {
			isa = PBXProject;
			attributes = {
				BuildIndependentTargetsInParallel = 1;
				LastSwiftUpdateCheck = 1620;
				LastUpgradeCheck = 1620;
				TargetAttributes = {
					BB1744582DA5355D00738173 = {
						CreatedOnToolsVersion = 16.2;
					};
					BB1744682DA5355D00738173 = {
						CreatedOnToolsVersion = 16.2;
						TestTargetID = BB1744582DA5355D00738173;
					};
					BB1744722DA5355D00738173 = {
						CreatedOnToolsVersion = 16.2;
						TestTargetID = BB1744582DA5355D00738173;
					};
				};
			};
			buildConfigurationList = BB1744542DA5355D00738173 /* Build configuration list for PBXProject "HandsOffLLM" */;
			developmentRegion = en;
			hasScannedForEncodings = 0;
			knownRegions = (
				en,
				Base,
			);
			mainGroup = BB1744502DA5355D00738173;
			minimizedProjectReferenceProxies = 1;
			preferredProjectObjectVersion = 77;
			productRefGroup = BB17445A2DA5355D00738173 /* Products */;
			projectDirPath = "";
			projectRoot = "";
			targets = (
				BB1744582DA5355D00738173 /* HandsOffLLM */,
				BB1744682DA5355D00738173 /* HandsOffLLMTests */,
				BB1744722DA5355D00738173 /* HandsOffLLMUITests */,
			);
		};
/* End PBXProject section */

/* Begin PBXResourcesBuildPhase section */
		BB1744572DA5355D00738173 /* Resources */ = {
			isa = PBXResourcesBuildPhase;
			buildActionMask = 2147483647;
			files = (
				BB53B9962DA6710300DECCF3 /* .gitignore in Resources */,
			);
			runOnlyForDeploymentPostprocessing = 0;
		};
		BB1744672DA5355D00738173 /* Resources */ = {
			isa = PBXResourcesBuildPhase;
			buildActionMask = 2147483647;
			files = (
			);
			runOnlyForDeploymentPostprocessing = 0;
		};
		BB1744712DA5355D00738173 /* Resources */ = {
			isa = PBXResourcesBuildPhase;
			buildActionMask = 2147483647;
			files = (
			);
			runOnlyForDeploymentPostprocessing = 0;
		};
/* End PBXResourcesBuildPhase section */

/* Begin PBXSourcesBuildPhase section */
		BB1744552DA5355D00738173 /* Sources */ = {
			isa = PBXSourcesBuildPhase;
			buildActionMask = 2147483647;
			files = (
				BB53B9982DA6759100DECCF3 /* Prompts.swift in Sources */,
				BB53B9942DA6701600DECCF3 /* APIkeys.swift in Sources */,
			);
			runOnlyForDeploymentPostprocessing = 0;
		};
		BB1744652DA5355D00738173 /* Sources */ = {
			isa = PBXSourcesBuildPhase;
			buildActionMask = 2147483647;
			files = (
			);
			runOnlyForDeploymentPostprocessing = 0;
		};
		BB17446F2DA5355D00738173 /* Sources */ = {
			isa = PBXSourcesBuildPhase;
			buildActionMask = 2147483647;
			files = (
			);
			runOnlyForDeploymentPostprocessing = 0;
		};
/* End PBXSourcesBuildPhase section */

/* Begin PBXTargetDependency section */
		BB17446B2DA5355D00738173 /* PBXTargetDependency */ = {
			isa = PBXTargetDependency;
			target = BB1744582DA5355D00738173 /* HandsOffLLM */;
			targetProxy = BB17446A2DA5355D00738173 /* PBXContainerItemProxy */;
		};
		BB1744752DA5355D00738173 /* PBXTargetDependency */ = {
			isa = PBXTargetDependency;
			target = BB1744582DA5355D00738173 /* HandsOffLLM */;
			targetProxy = BB1744742DA5355D00738173 /* PBXContainerItemProxy */;
		};
/* End PBXTargetDependency section */

/* Begin XCBuildConfiguration section */
		BB17447B2DA5355D00738173 /* Debug */ = {
			isa = XCBuildConfiguration;
			buildSettings = {
				ALWAYS_SEARCH_USER_PATHS = NO;
				ASSETCATALOG_COMPILER_GENERATE_SWIFT_ASSET_SYMBOL_EXTENSIONS = YES;
				CLANG_ANALYZER_NONNULL = YES;
				CLANG_ANALYZER_NUMBER_OBJECT_CONVERSION = YES_AGGRESSIVE;
				CLANG_CXX_LANGUAGE_STANDARD = "gnu++20";
				CLANG_ENABLE_MODULES = YES;
				CLANG_ENABLE_OBJC_ARC = YES;
				CLANG_ENABLE_OBJC_WEAK = YES;
				CLANG_WARN_BLOCK_CAPTURE_AUTORELEASING = YES;
				CLANG_WARN_BOOL_CONVERSION = YES;
				CLANG_WARN_COMMA = YES;
				CLANG_WARN_CONSTANT_CONVERSION = YES;
				CLANG_WARN_DEPRECATED_OBJC_IMPLEMENTATIONS = YES;
				CLANG_WARN_DIRECT_OBJC_ISA_USAGE = YES_ERROR;
				CLANG_WARN_DOCUMENTATION_COMMENTS = YES;
				CLANG_WARN_EMPTY_BODY = YES;
				CLANG_WARN_ENUM_CONVERSION = YES;
				CLANG_WARN_INFINITE_RECURSION = YES;
				CLANG_WARN_INT_CONVERSION = YES;
				CLANG_WARN_NON_LITERAL_NULL_CONVERSION = YES;
				CLANG_WARN_OBJC_IMPLICIT_RETAIN_SELF = YES;
				CLANG_WARN_OBJC_LITERAL_CONVERSION = YES;
				CLANG_WARN_OBJC_ROOT_CLASS = YES_ERROR;
				CLANG_WARN_QUOTED_INCLUDE_IN_FRAMEWORK_HEADER = YES;
				CLANG_WARN_RANGE_LOOP_ANALYSIS = YES;
				CLANG_WARN_STRICT_PROTOTYPES = YES;
				CLANG_WARN_SUSPICIOUS_MOVE = YES;
				CLANG_WARN_UNGUARDED_AVAILABILITY = YES_AGGRESSIVE;
				CLANG_WARN_UNREACHABLE_CODE = YES;
				CLANG_WARN__DUPLICATE_METHOD_MATCH = YES;
				COPY_PHASE_STRIP = NO;
				DEBUG_INFORMATION_FORMAT = dwarf;
				ENABLE_STRICT_OBJC_MSGSEND = YES;
				ENABLE_TESTABILITY = YES;
				ENABLE_USER_SCRIPT_SANDBOXING = YES;
				GCC_C_LANGUAGE_STANDARD = gnu17;
				GCC_DYNAMIC_NO_PIC = NO;
				GCC_NO_COMMON_BLOCKS = YES;
				GCC_OPTIMIZATION_LEVEL = 0;
				GCC_PREPROCESSOR_DEFINITIONS = (
					"DEBUG=1",
					"$(inherited)",
				);
				GCC_WARN_64_TO_32_BIT_CONVERSION = YES;
				GCC_WARN_ABOUT_RETURN_TYPE = YES_ERROR;
				GCC_WARN_UNDECLARED_SELECTOR = YES;
				GCC_WARN_UNINITIALIZED_AUTOS = YES_AGGRESSIVE;
				GCC_WARN_UNUSED_FUNCTION = YES;
				GCC_WARN_UNUSED_VARIABLE = YES;
				IPHONEOS_DEPLOYMENT_TARGET = 18.2;
				LOCALIZATION_PREFERS_STRING_CATALOGS = YES;
				MTL_ENABLE_DEBUG_INFO = INCLUDE_SOURCE;
				MTL_FAST_MATH = YES;
				ONLY_ACTIVE_ARCH = YES;
				SDKROOT = iphoneos;
				SWIFT_ACTIVE_COMPILATION_CONDITIONS = "DEBUG $(inherited)";
				SWIFT_OPTIMIZATION_LEVEL = "-Onone";
			};
			name = Debug;
		};
		BB17447C2DA5355D00738173 /* Release */ = {
			isa = XCBuildConfiguration;
			buildSettings = {
				ALWAYS_SEARCH_USER_PATHS = NO;
				ASSETCATALOG_COMPILER_GENERATE_SWIFT_ASSET_SYMBOL_EXTENSIONS = YES;
				CLANG_ANALYZER_NONNULL = YES;
				CLANG_ANALYZER_NUMBER_OBJECT_CONVERSION = YES_AGGRESSIVE;
				CLANG_CXX_LANGUAGE_STANDARD = "gnu++20";
				CLANG_ENABLE_MODULES = YES;
				CLANG_ENABLE_OBJC_ARC = YES;
				CLANG_ENABLE_OBJC_WEAK = YES;
				CLANG_WARN_BLOCK_CAPTURE_AUTORELEASING = YES;
				CLANG_WARN_BOOL_CONVERSION = YES;
				CLANG_WARN_COMMA = YES;
				CLANG_WARN_CONSTANT_CONVERSION = YES;
				CLANG_WARN_DEPRECATED_OBJC_IMPLEMENTATIONS = YES;
				CLANG_WARN_DIRECT_OBJC_ISA_USAGE = YES_ERROR;
				CLANG_WARN_DOCUMENTATION_COMMENTS = YES;
				CLANG_WARN_EMPTY_BODY = YES;
				CLANG_WARN_ENUM_CONVERSION = YES;
				CLANG_WARN_INFINITE_RECURSION = YES;
				CLANG_WARN_INT_CONVERSION = YES;
				CLANG_WARN_NON_LITERAL_NULL_CONVERSION = YES;
				CLANG_WARN_OBJC_IMPLICIT_RETAIN_SELF = YES;
				CLANG_WARN_OBJC_LITERAL_CONVERSION = YES;
				CLANG_WARN_OBJC_ROOT_CLASS = YES_ERROR;
				CLANG_WARN_QUOTED_INCLUDE_IN_FRAMEWORK_HEADER = YES;
				CLANG_WARN_RANGE_LOOP_ANALYSIS = YES;
				CLANG_WARN_STRICT_PROTOTYPES = YES;
				CLANG_WARN_SUSPICIOUS_MOVE = YES;
				CLANG_WARN_UNGUARDED_AVAILABILITY = YES_AGGRESSIVE;
				CLANG_WARN_UNREACHABLE_CODE = YES;
				CLANG_WARN__DUPLICATE_METHOD_MATCH = YES;
				COPY_PHASE_STRIP = NO;
				DEBUG_INFORMATION_FORMAT = "dwarf-with-dsym";
				ENABLE_NS_ASSERTIONS = NO;
				ENABLE_STRICT_OBJC_MSGSEND = YES;
				ENABLE_USER_SCRIPT_SANDBOXING = YES;
				GCC_C_LANGUAGE_STANDARD = gnu17;
				GCC_NO_COMMON_BLOCKS = YES;
				GCC_WARN_64_TO_32_BIT_CONVERSION = YES;
				GCC_WARN_ABOUT_RETURN_TYPE = YES_ERROR;
				GCC_WARN_UNDECLARED_SELECTOR = YES;
				GCC_WARN_UNINITIALIZED_AUTOS = YES_AGGRESSIVE;
				GCC_WARN_UNUSED_FUNCTION = YES;
				GCC_WARN_UNUSED_VARIABLE = YES;
				IPHONEOS_DEPLOYMENT_TARGET = 18.2;
				LOCALIZATION_PREFERS_STRING_CATALOGS = YES;
				MTL_ENABLE_DEBUG_INFO = NO;
				MTL_FAST_MATH = YES;
				SDKROOT = iphoneos;
				SWIFT_COMPILATION_MODE = wholemodule;
				VALIDATE_PRODUCT = YES;
			};
			name = Release;
		};
		BB17447E2DA5355D00738173 /* Debug */ = {
			isa = XCBuildConfiguration;
			buildSettings = {
				ASSETCATALOG_COMPILER_APPICON_NAME = AppIcon;
				ASSETCATALOG_COMPILER_GLOBAL_ACCENT_COLOR_NAME = AccentColor;
				CODE_SIGN_STYLE = Automatic;
				CURRENT_PROJECT_VERSION = 1;
				DEVELOPMENT_ASSET_PATHS = "\"HandsOffLLM/Preview Content\"";
				DEVELOPMENT_TEAM = GKGX8285R3;
				ENABLE_PREVIEWS = YES;
				GENERATE_INFOPLIST_FILE = YES;
				INFOPLIST_FILE = HandsOffLLM/Info.plist;
				INFOPLIST_KEY_LSApplicationCategoryType = "public.app-category.education";
				INFOPLIST_KEY_NSMicrophoneUsageDescription = "This app needs microphone access to capture your voice for transcription.";
				INFOPLIST_KEY_NSSpeechRecognitionUsageDescription = "This app needs access to speech recognition to transcribe your voice commands.";
				INFOPLIST_KEY_UIApplicationSceneManifest_Generation = YES;
				INFOPLIST_KEY_UIApplicationSupportsIndirectInputEvents = YES;
				INFOPLIST_KEY_UILaunchScreen_Generation = YES;
				INFOPLIST_KEY_UISupportedInterfaceOrientations = UIInterfaceOrientationPortrait;
				INFOPLIST_KEY_UISupportedInterfaceOrientations_iPad = "UIInterfaceOrientationLandscapeLeft UIInterfaceOrientationLandscapeRight UIInterfaceOrientationPortrait UIInterfaceOrientationPortraitUpsideDown";
				LD_RUNPATH_SEARCH_PATHS = (
					"$(inherited)",
					"@executable_path/Frameworks",
				);
				MARKETING_VERSION = 1.0;
				PRODUCT_BUNDLE_IDENTIFIER = EduardRantsevich.HandsOffLLM;
				PRODUCT_NAME = "$(TARGET_NAME)";
				SWIFT_EMIT_LOC_STRINGS = YES;
				SWIFT_VERSION = 5.0;
				TARGETED_DEVICE_FAMILY = "1,2";
			};
			name = Debug;
		};
		BB17447F2DA5355D00738173 /* Release */ = {
			isa = XCBuildConfiguration;
			buildSettings = {
				ASSETCATALOG_COMPILER_APPICON_NAME = AppIcon;
				ASSETCATALOG_COMPILER_GLOBAL_ACCENT_COLOR_NAME = AccentColor;
				CODE_SIGN_STYLE = Automatic;
				CURRENT_PROJECT_VERSION = 1;
				DEVELOPMENT_ASSET_PATHS = "\"HandsOffLLM/Preview Content\"";
				DEVELOPMENT_TEAM = GKGX8285R3;
				ENABLE_PREVIEWS = YES;
				GENERATE_INFOPLIST_FILE = YES;
				INFOPLIST_FILE = HandsOffLLM/Info.plist;
				INFOPLIST_KEY_LSApplicationCategoryType = "public.app-category.education";
				INFOPLIST_KEY_NSMicrophoneUsageDescription = "This app needs microphone access to capture your voice for transcription.";
				INFOPLIST_KEY_NSSpeechRecognitionUsageDescription = "This app needs access to speech recognition to transcribe your voice commands.";
				INFOPLIST_KEY_UIApplicationSceneManifest_Generation = YES;
				INFOPLIST_KEY_UIApplicationSupportsIndirectInputEvents = YES;
				INFOPLIST_KEY_UILaunchScreen_Generation = YES;
				INFOPLIST_KEY_UISupportedInterfaceOrientations = UIInterfaceOrientationPortrait;
				INFOPLIST_KEY_UISupportedInterfaceOrientations_iPad = "UIInterfaceOrientationLandscapeLeft UIInterfaceOrientationLandscapeRight UIInterfaceOrientationPortrait UIInterfaceOrientationPortraitUpsideDown";
				LD_RUNPATH_SEARCH_PATHS = (
					"$(inherited)",
					"@executable_path/Frameworks",
				);
				MARKETING_VERSION = 1.0;
				PRODUCT_BUNDLE_IDENTIFIER = EduardRantsevich.HandsOffLLM;
				PRODUCT_NAME = "$(TARGET_NAME)";
				SWIFT_EMIT_LOC_STRINGS = YES;
				SWIFT_VERSION = 5.0;
				TARGETED_DEVICE_FAMILY = "1,2";
			};
			name = Release;
		};
		BB1744812DA5355D00738173 /* Debug */ = {
			isa = XCBuildConfiguration;
			buildSettings = {
				BUNDLE_LOADER = "$(TEST_HOST)";
				CODE_SIGN_STYLE = Automatic;
				CURRENT_PROJECT_VERSION = 1;
				GENERATE_INFOPLIST_FILE = YES;
				IPHONEOS_DEPLOYMENT_TARGET = 18.2;
				MARKETING_VERSION = 1.0;
				PRODUCT_BUNDLE_IDENTIFIER = EduardRantsevich.HandsOffLLMTests;
				PRODUCT_NAME = "$(TARGET_NAME)";
				SWIFT_EMIT_LOC_STRINGS = NO;
				SWIFT_VERSION = 5.0;
				TARGETED_DEVICE_FAMILY = "1,2";
				TEST_HOST = "$(BUILT_PRODUCTS_DIR)/HandsOffLLM.app/$(BUNDLE_EXECUTABLE_FOLDER_PATH)/HandsOffLLM";
			};
			name = Debug;
		};
		BB1744822DA5355D00738173 /* Release */ = {
			isa = XCBuildConfiguration;
			buildSettings = {
				BUNDLE_LOADER = "$(TEST_HOST)";
				CODE_SIGN_STYLE = Automatic;
				CURRENT_PROJECT_VERSION = 1;
				GENERATE_INFOPLIST_FILE = YES;
				IPHONEOS_DEPLOYMENT_TARGET = 18.2;
				MARKETING_VERSION = 1.0;
				PRODUCT_BUNDLE_IDENTIFIER = EduardRantsevich.HandsOffLLMTests;
				PRODUCT_NAME = "$(TARGET_NAME)";
				SWIFT_EMIT_LOC_STRINGS = NO;
				SWIFT_VERSION = 5.0;
				TARGETED_DEVICE_FAMILY = "1,2";
				TEST_HOST = "$(BUILT_PRODUCTS_DIR)/HandsOffLLM.app/$(BUNDLE_EXECUTABLE_FOLDER_PATH)/HandsOffLLM";
			};
			name = Release;
		};
		BB1744842DA5355D00738173 /* Debug */ = {
			isa = XCBuildConfiguration;
			buildSettings = {
				CODE_SIGN_STYLE = Automatic;
				CURRENT_PROJECT_VERSION = 1;
				GENERATE_INFOPLIST_FILE = YES;
				MARKETING_VERSION = 1.0;
				PRODUCT_BUNDLE_IDENTIFIER = EduardRantsevich.HandsOffLLMUITests;
				PRODUCT_NAME = "$(TARGET_NAME)";
				SWIFT_EMIT_LOC_STRINGS = NO;
				SWIFT_VERSION = 5.0;
				TARGETED_DEVICE_FAMILY = "1,2";
				TEST_TARGET_NAME = HandsOffLLM;
			};
			name = Debug;
		};
		BB1744852DA5355D00738173 /* Release */ = {
			isa = XCBuildConfiguration;
			buildSettings = {
				CODE_SIGN_STYLE = Automatic;
				CURRENT_PROJECT_VERSION = 1;
				GENERATE_INFOPLIST_FILE = YES;
				MARKETING_VERSION = 1.0;
				PRODUCT_BUNDLE_IDENTIFIER = EduardRantsevich.HandsOffLLMUITests;
				PRODUCT_NAME = "$(TARGET_NAME)";
				SWIFT_EMIT_LOC_STRINGS = NO;
				SWIFT_VERSION = 5.0;
				TARGETED_DEVICE_FAMILY = "1,2";
				TEST_TARGET_NAME = HandsOffLLM;
			};
			name = Release;
		};
/* End XCBuildConfiguration section */

/* Begin XCConfigurationList section */
		BB1744542DA5355D00738173 /* Build configuration list for PBXProject "HandsOffLLM" */ = {
			isa = XCConfigurationList;
			buildConfigurations = (
				BB17447B2DA5355D00738173 /* Debug */,
				BB17447C2DA5355D00738173 /* Release */,
			);
			defaultConfigurationIsVisible = 0;
			defaultConfigurationName = Release;
		};
		BB17447D2DA5355D00738173 /* Build configuration list for PBXNativeTarget "HandsOffLLM" */ = {
			isa = XCConfigurationList;
			buildConfigurations = (
				BB17447E2DA5355D00738173 /* Debug */,
				BB17447F2DA5355D00738173 /* Release */,
			);
			defaultConfigurationIsVisible = 0;
			defaultConfigurationName = Release;
		};
		BB1744802DA5355D00738173 /* Build configuration list for PBXNativeTarget "HandsOffLLMTests" */ = {
			isa = XCConfigurationList;
			buildConfigurations = (
				BB1744812DA5355D00738173 /* Debug */,
				BB1744822DA5355D00738173 /* Release */,
			);
			defaultConfigurationIsVisible = 0;
			defaultConfigurationName = Release;
		};
		BB1744832DA5355D00738173 /* Build configuration list for PBXNativeTarget "HandsOffLLMUITests" */ = {
			isa = XCConfigurationList;
			buildConfigurations = (
				BB1744842DA5355D00738173 /* Debug */,
				BB1744852DA5355D00738173 /* Release */,
			);
			defaultConfigurationIsVisible = 0;
			defaultConfigurationName = Release;
		};
/* End XCConfigurationList section */
	};
	rootObject = BB1744512DA5355D00738173 /* Project object */;
}
